
Microsoft Visual Studio Solution File, Format Version 12.00
# Visual Studio Version 16
VisualStudioVersion = 16.0.30104.148
MinimumVisualStudioVersion = 10.0.40219.1
Project("{FAE04EC0-301F-11D3-BF4B-00C04F79EFBC}") = "Demos", "Demos\Demos.csproj", "{F5F6A35A-90F7-43F8-BC66-2E734715A254}"
EndProject
Project("{FAE04EC0-301F-11D3-BF4B-00C04F79EFBC}") = "Calculadora", "Calculadora\Calculadora.csproj", "{A0CB0D3F-549D-4A9F-87F5-6CFED7CD217F}"
EndProject
Project("{FAE04EC0-301F-11D3-BF4B-00C04F79EFBC}") = "Domain.Entities", "Domain.Entities\Domain.Entities.csproj", "{459C0C9D-C7B6-4255-B151-7706DE2F4F96}"
EndProject
Project("{FAE04EC0-301F-11D3-BF4B-00C04F79EFBC}") = "Demos.Tests", "Demos.Tests\Demos.Tests.csproj", "{30E5A127-9DBB-4F44-9E0C-6669C9CB01DF}"
EndProject
Project("{FAE04EC0-301F-11D3-BF4B-00C04F79EFBC}") = "Demos.v1.Tests", "Demos.v1.Tests\Demos.v1.Tests.csproj", "{9CB4AE95-FBCE-40F7-8679-54A71DA7D6CC}"
EndProject
Global
	GlobalSection(SolutionConfigurationPlatforms) = preSolution
		Debug|Any CPU = Debug|Any CPU
		Release|Any CPU = Release|Any CPU
	EndGlobalSection
	GlobalSection(ProjectConfigurationPlatforms) = postSolution
		{F5F6A35A-90F7-43F8-BC66-2E734715A254}.Debug|Any CPU.ActiveCfg = Debug|Any CPU
		{F5F6A35A-90F7-43F8-BC66-2E734715A254}.Debug|Any CPU.Build.0 = Debug|Any CPU
		{F5F6A35A-90F7-43F8-BC66-2E734715A254}.Release|Any CPU.ActiveCfg = Release|Any CPU
		{F5F6A35A-90F7-43F8-BC66-2E734715A254}.Release|Any CPU.Build.0 = Release|Any CPU
		{A0CB0D3F-549D-4A9F-87F5-6CFED7CD217F}.Debug|Any CPU.ActiveCfg = Debug|Any CPU
		{A0CB0D3F-549D-4A9F-87F5-6CFED7CD217F}.Debug|Any CPU.Build.0 = Debug|Any CPU
		{A0CB0D3F-549D-4A9F-87F5-6CFED7CD217F}.Release|Any CPU.ActiveCfg = Release|Any CPU
		{A0CB0D3F-549D-4A9F-87F5-6CFED7CD217F}.Release|Any CPU.Build.0 = Release|Any CPU
		{459C0C9D-C7B6-4255-B151-7706DE2F4F96}.Debug|Any CPU.ActiveCfg = Debug|Any CPU
		{459C0C9D-C7B6-4255-B151-7706DE2F4F96}.Debug|Any CPU.Build.0 = Debug|Any CPU
		{459C0C9D-C7B6-4255-B151-7706DE2F4F96}.Release|Any CPU.ActiveCfg = Release|Any CPU
		{459C0C9D-C7B6-4255-B151-7706DE2F4F96}.Release|Any CPU.Build.0 = Release|Any CPU
		{30E5A127-9DBB-4F44-9E0C-6669C9CB01DF}.Debug|Any CPU.ActiveCfg = Debug|Any CPU
		{30E5A127-9DBB-4F44-9E0C-6669C9CB01DF}.Debug|Any CPU.Build.0 = Debug|Any CPU
		{30E5A127-9DBB-4F44-9E0C-6669C9CB01DF}.Release|Any CPU.ActiveCfg = Release|Any CPU
		{30E5A127-9DBB-4F44-9E0C-6669C9CB01DF}.Release|Any CPU.Build.0 = Release|Any CPU
		{9CB4AE95-FBCE-40F7-8679-54A71DA7D6CC}.Debug|Any CPU.ActiveCfg = Debug|Any CPU
		{9CB4AE95-FBCE-40F7-8679-54A71DA7D6CC}.Debug|Any CPU.Build.0 = Debug|Any CPU
		{9CB4AE95-FBCE-40F7-8679-54A71DA7D6CC}.Release|Any CPU.ActiveCfg = Release|Any CPU
		{9CB4AE95-FBCE-40F7-8679-54A71DA7D6CC}.Release|Any CPU.Build.0 = Release|Any CPU
	EndGlobalSection
	GlobalSection(SolutionProperties) = preSolution
		HideSolutionNode = FALSE
	EndGlobalSection
	GlobalSection(ExtensibilityGlobals) = postSolution
		SolutionGuid = {7CA1A072-D810-4FBA-9FC4-8ADBF30BBDC9}
	EndGlobalSection
EndGlobal
